
Microsoft Visual Studio Solution File, Format Version 12.00
# Visual Studio Version 17
VisualStudioVersion = 17.0.31903.59
MinimumVisualStudioVersion = 10.0.40219.1
Project("{FAE04EC0-301F-11D3-BF4B-00C04F79EFBC}") = "AnimalKingdom", "AnimalKingdom\AnimalKingdom.csproj", "{7A5061C7-BC89-4C3E-8568-AF86371610C4}"
EndProject
Project("{FAE04EC0-301F-11D3-BF4B-00C04F79EFBC}") = "PlayerManager1", "PlayerManager1\PlayerManager1.csproj", "{8DB53DE7-AE95-4CEA-9621-2244FA2ED947}"
EndProject
Project("{FAE04EC0-301F-11D3-BF4B-00C04F79EFBC}") = "PlayerManager2", "PlayerManager2\PlayerManager2.csproj", "{F9FE4822-5946-4803-8280-A84C307A202E}"
EndProject
Project("{FAE04EC0-301F-11D3-BF4B-00C04F79EFBC}") = "PlayerManager3", "PlayerManager3\PlayerManager3.csproj", "{96CCBC19-7358-4A3E-895D-3AFA9A08322F}"
EndProject
Global
	GlobalSection(SolutionConfigurationPlatforms) = preSolution
		Debug|Any CPU = Debug|Any CPU
		Release|Any CPU = Release|Any CPU
	EndGlobalSection
	GlobalSection(SolutionProperties) = preSolution
		HideSolutionNode = FALSE
	EndGlobalSection
	GlobalSection(ProjectConfigurationPlatforms) = postSolution
		{7A5061C7-BC89-4C3E-8568-AF86371610C4}.Debug|Any CPU.ActiveCfg = Debug|Any CPU
		{7A5061C7-BC89-4C3E-8568-AF86371610C4}.Debug|Any CPU.Build.0 = Debug|Any CPU
		{7A5061C7-BC89-4C3E-8568-AF86371610C4}.Release|Any CPU.ActiveCfg = Release|Any CPU
		{7A5061C7-BC89-4C3E-8568-AF86371610C4}.Release|Any CPU.Build.0 = Release|Any CPU
		{8DB53DE7-AE95-4CEA-9621-2244FA2ED947}.Debug|Any CPU.ActiveCfg = Debug|Any CPU
		{8DB53DE7-AE95-4CEA-9621-2244FA2ED947}.Debug|Any CPU.Build.0 = Debug|Any CPU
		{8DB53DE7-AE95-4CEA-9621-2244FA2ED947}.Release|Any CPU.ActiveCfg = Release|Any CPU
		{8DB53DE7-AE95-4CEA-9621-2244FA2ED947}.Release|Any CPU.Build.0 = Release|Any CPU
		{F9FE4822-5946-4803-8280-A84C307A202E}.Debug|Any CPU.ActiveCfg = Debug|Any CPU
		{F9FE4822-5946-4803-8280-A84C307A202E}.Debug|Any CPU.Build.0 = Debug|Any CPU
		{F9FE4822-5946-4803-8280-A84C307A202E}.Release|Any CPU.ActiveCfg = Release|Any CPU
		{F9FE4822-5946-4803-8280-A84C307A202E}.Release|Any CPU.Build.0 = Release|Any CPU
		{96CCBC19-7358-4A3E-895D-3AFA9A08322F}.Debug|Any CPU.ActiveCfg = Debug|Any CPU
		{96CCBC19-7358-4A3E-895D-3AFA9A08322F}.Debug|Any CPU.Build.0 = Debug|Any CPU
		{96CCBC19-7358-4A3E-895D-3AFA9A08322F}.Release|Any CPU.ActiveCfg = Release|Any CPU
		{96CCBC19-7358-4A3E-895D-3AFA9A08322F}.Release|Any CPU.Build.0 = Release|Any CPU
	EndGlobalSection
EndGlobal
